
Microsoft Visual Studio Solution File, Format Version 12.00
# Visual Studio Version 16
VisualStudioVersion = 16.0.32002.261
MinimumVisualStudioVersion = 10.0.40219.1
Project("{FAE04EC0-301F-11D3-BF4B-00C04F79EFBC}") = "Mine.UWP", "Mine\Mine.UWP\Mine.UWP.csproj", "{8C10D36E-0AFE-4A23-9CB7-705634A13328}"
EndProject
Project("{FAE04EC0-301F-11D3-BF4B-00C04F79EFBC}") = "Mine.Android", "Mine\Mine.Android\Mine.Android.csproj", "{3B60A701-F116-4E20-BE4B-7A95F38E2909}"
EndProject
Project("{FAE04EC0-301F-11D3-BF4B-00C04F79EFBC}") = "Mine.iOS", "Mine\Mine.iOS\Mine.iOS.csproj", "{AD512B5F-536C-4FCD-A654-4FE451D96AC9}"
EndProject
Project("{FAE04EC0-301F-11D3-BF4B-00C04F79EFBC}") = "Mine", "Mine\Mine\Mine.csproj", "{495298DB-8152-42D2-BEC0-83E358EC2DD4}"
EndProject
Global
	GlobalSection(SolutionConfigurationPlatforms) = preSolution
		Debug|Any CPU = Debug|Any CPU
		Debug|ARM = Debug|ARM
		Debug|iPhone = Debug|iPhone
		Debug|iPhoneSimulator = Debug|iPhoneSimulator
		Debug|x64 = Debug|x64
		Debug|x86 = Debug|x86
		Release|Any CPU = Release|Any CPU
		Release|ARM = Release|ARM
		Release|iPhone = Release|iPhone
		Release|iPhoneSimulator = Release|iPhoneSimulator
		Release|x64 = Release|x64
		Release|x86 = Release|x86
	EndGlobalSection
	GlobalSection(ProjectConfigurationPlatforms) = postSolution
		{8C10D36E-0AFE-4A23-9CB7-705634A13328}.Debug|Any CPU.ActiveCfg = Debug|x86
		{8C10D36E-0AFE-4A23-9CB7-705634A13328}.Debug|Any CPU.Build.0 = Debug|x86
		{8C10D36E-0AFE-4A23-9CB7-705634A13328}.Debug|Any CPU.Deploy.0 = Debug|x86
		{8C10D36E-0AFE-4A23-9CB7-705634A13328}.Debug|ARM.ActiveCfg = Debug|ARM
		{8C10D36E-0AFE-4A23-9CB7-705634A13328}.Debug|ARM.Build.0 = Debug|ARM
		{8C10D36E-0AFE-4A23-9CB7-705634A13328}.Debug|ARM.Deploy.0 = Debug|ARM
		{8C10D36E-0AFE-4A23-9CB7-705634A13328}.Debug|iPhone.ActiveCfg = Debug|x86
		{8C10D36E-0AFE-4A23-9CB7-705634A13328}.Debug|iPhone.Build.0 = Debug|x86
		{8C10D36E-0AFE-4A23-9CB7-705634A13328}.Debug|iPhone.Deploy.0 = Debug|x86
		{8C10D36E-0AFE-4A23-9CB7-705634A13328}.Debug|iPhoneSimulator.ActiveCfg = Debug|x86
		{8C10D36E-0AFE-4A23-9CB7-705634A13328}.Debug|iPhoneSimulator.Build.0 = Debug|x86
		{8C10D36E-0AFE-4A23-9CB7-705634A13328}.Debug|iPhoneSimulator.Deploy.0 = Debug|x86
		{8C10D36E-0AFE-4A23-9CB7-705634A13328}.Debug|x64.ActiveCfg = Debug|x64
		{8C10D36E-0AFE-4A23-9CB7-705634A13328}.Debug|x64.Build.0 = Debug|x64
		{8C10D36E-0AFE-4A23-9CB7-705634A13328}.Debug|x64.Deploy.0 = Debug|x64
		{8C10D36E-0AFE-4A23-9CB7-705634A13328}.Debug|x86.ActiveCfg = Debug|x86
		{8C10D36E-0AFE-4A23-9CB7-705634A13328}.Debug|x86.Build.0 = Debug|x86
		{8C10D36E-0AFE-4A23-9CB7-705634A13328}.Debug|x86.Deploy.0 = Debug|x86
		{8C10D36E-0AFE-4A23-9CB7-705634A13328}.Release|Any CPU.ActiveCfg = Release|x86
		{8C10D36E-0AFE-4A23-9CB7-705634A13328}.Release|Any CPU.Build.0 = Release|x86
		{8C10D36E-0AFE-4A23-9CB7-705634A13328}.Release|Any CPU.Deploy.0 = Release|x86
		{8C10D36E-0AFE-4A23-9CB7-705634A13328}.Release|ARM.ActiveCfg = Release|ARM
		{8C10D36E-0AFE-4A23-9CB7-705634A13328}.Release|ARM.Build.0 = Release|ARM
		{8C10D36E-0AFE-4A23-9CB7-705634A13328}.Release|ARM.Deploy.0 = Release|ARM
		{8C10D36E-0AFE-4A23-9CB7-705634A13328}.Release|iPhone.ActiveCfg = Release|x86
		{8C10D36E-0AFE-4A23-9CB7-705634A13328}.Release|iPhone.Build.0 = Release|x86
		{8C10D36E-0AFE-4A23-9CB7-705634A13328}.Release|iPhone.Deploy.0 = Release|x86
		{8C10D36E-0AFE-4A23-9CB7-705634A13328}.Release|iPhoneSimulator.ActiveCfg = Release|x86
		{8C10D36E-0AFE-4A23-9CB7-705634A13328}.Release|iPhoneSimulator.Build.0 = Release|x86
		{8C10D36E-0AFE-4A23-9CB7-705634A13328}.Release|iPhoneSimulator.Deploy.0 = Release|x86
		{8C10D36E-0AFE-4A23-9CB7-705634A13328}.Release|x64.ActiveCfg = Release|x64
		{8C10D36E-0AFE-4A23-9CB7-705634A13328}.Release|x64.Build.0 = Release|x64
		{8C10D36E-0AFE-4A23-9CB7-705634A13328}.Release|x64.Deploy.0 = Release|x64
		{8C10D36E-0AFE-4A23-9CB7-705634A13328}.Release|x86.ActiveCfg = Release|x86
		{8C10D36E-0AFE-4A23-9CB7-705634A13328}.Release|x86.Build.0 = Release|x86
		{8C10D36E-0AFE-4A23-9CB7-705634A13328}.Release|x86.Deploy.0 = Release|x86
		{3B60A701-F116-4E20-BE4B-7A95F38E2909}.Debug|Any CPU.ActiveCfg = Debug|Any CPU
		{3B60A701-F116-4E20-BE4B-7A95F38E2909}.Debug|Any CPU.Build.0 = Debug|Any CPU
		{3B60A701-F116-4E20-BE4B-7A95F38E2909}.Debug|Any CPU.Deploy.0 = Debug|Any CPU
		{3B60A701-F116-4E20-BE4B-7A95F38E2909}.Debug|ARM.ActiveCfg = Debug|Any CPU
		{3B60A701-F116-4E20-BE4B-7A95F38E2909}.Debug|ARM.Build.0 = Debug|Any CPU
		{3B60A701-F116-4E20-BE4B-7A95F38E2909}.Debug|ARM.Deploy.0 = Debug|Any CPU
		{3B60A701-F116-4E20-BE4B-7A95F38E2909}.Debug|iPhone.ActiveCfg = Debug|Any CPU
		{3B60A701-F116-4E20-BE4B-7A95F38E2909}.Debug|iPhone.Build.0 = Debug|Any CPU
		{3B60A701-F116-4E20-BE4B-7A95F38E2909}.Debug|iPhone.Deploy.0 = Debug|Any CPU
		{3B60A701-F116-4E20-BE4B-7A95F38E2909}.Debug|iPhoneSimulator.ActiveCfg = Debug|Any CPU
		{3B60A701-F116-4E20-BE4B-7A95F38E2909}.Debug|iPhoneSimulator.Build.0 = Debug|Any CPU
		{3B60A701-F116-4E20-BE4B-7A95F38E2909}.Debug|iPhoneSimulator.Deploy.0 = Debug|Any CPU
		{3B60A701-F116-4E20-BE4B-7A95F38E2909}.Debug|x64.ActiveCfg = Debug|Any CPU
		{3B60A701-F116-4E20-BE4B-7A95F38E2909}.Debug|x64.Build.0 = Debug|Any CPU
		{3B60A701-F116-4E20-BE4B-7A95F38E2909}.Debug|x64.Deploy.0 = Debug|Any CPU
		{3B60A701-F116-4E20-BE4B-7A95F38E2909}.Debug|x86.ActiveCfg = Debug|Any CPU
		{3B60A701-F116-4E20-BE4B-7A95F38E2909}.Debug|x86.Build.0 = Debug|Any CPU
		{3B60A701-F116-4E20-BE4B-7A95F38E2909}.Debug|x86.Deploy.0 = Debug|Any CPU
		{3B60A701-F116-4E20-BE4B-7A95F38E2909}.Release|Any CPU.ActiveCfg = Release|Any CPU
		{3B60A701-F116-4E20-BE4B-7A95F38E2909}.Release|Any CPU.Build.0 = Release|Any CPU
		{3B60A701-F116-4E20-BE4B-7A95F38E2909}.Release|Any CPU.Deploy.0 = Release|Any CPU
		{3B60A701-F116-4E20-BE4B-7A95F38E2909}.Release|ARM.ActiveCfg = Release|Any CPU
		{3B60A701-F116-4E20-BE4B-7A95F38E2909}.Release|ARM.Build.0 = Release|Any CPU
		{3B60A701-F116-4E20-BE4B-7A95F38E2909}.Release|ARM.Deploy.0 = Release|Any CPU
		{3B60A701-F116-4E20-BE4B-7A95F38E2909}.Release|iPhone.ActiveCfg = Release|Any CPU
		{3B60A701-F116-4E20-BE4B-7A95F38E2909}.Release|iPhone.Build.0 = Release|Any CPU
		{3B60A701-F116-4E20-BE4B-7A95F38E2909}.Release|iPhone.Deploy.0 = Release|Any CPU
		{3B60A701-F116-4E20-BE4B-7A95F38E2909}.Release|iPhoneSimulator.ActiveCfg = Release|Any CPU
		{3B60A701-F116-4E20-BE4B-7A95F38E2909}.Release|iPhoneSimulator.Build.0 = Release|Any CPU
		{3B60A701-F116-4E20-BE4B-7A95F38E2909}.Release|iPhoneSimulator.Deploy.0 = Release|Any CPU
		{3B60A701-F116-4E20-BE4B-7A95F38E2909}.Release|x64.ActiveCfg = Release|Any CPU
		{3B60A701-F116-4E20-BE4B-7A95F38E2909}.Release|x64.Build.0 = Release|Any CPU
		{3B60A701-F116-4E20-BE4B-7A95F38E2909}.Release|x64.Deploy.0 = Release|Any CPU
		{3B60A701-F116-4E20-BE4B-7A95F38E2909}.Release|x86.ActiveCfg = Release|Any CPU
		{3B60A701-F116-4E20-BE4B-7A95F38E2909}.Release|x86.Build.0 = Release|Any CPU
		{3B60A701-F116-4E20-BE4B-7A95F38E2909}.Release|x86.Deploy.0 = Release|Any CPU
		{AD512B5F-536C-4FCD-A654-4FE451D96AC9}.Debug|Any CPU.ActiveCfg = Debug|iPhoneSimulator
		{AD512B5F-536C-4FCD-A654-4FE451D96AC9}.Debug|Any CPU.Build.0 = Debug|iPhoneSimulator
		{AD512B5F-536C-4FCD-A654-4FE451D96AC9}.Debug|Any CPU.Deploy.0 = Debug|iPhoneSimulator
		{AD512B5F-536C-4FCD-A654-4FE451D96AC9}.Debug|ARM.ActiveCfg = Debug|iPhone
		{AD512B5F-536C-4FCD-A654-4FE451D96AC9}.Debug|ARM.Build.0 = Debug|iPhone
		{AD512B5F-536C-4FCD-A654-4FE451D96AC9}.Debug|ARM.Deploy.0 = Debug|iPhone
		{AD512B5F-536C-4FCD-A654-4FE451D96AC9}.Debug|iPhone.ActiveCfg = Debug|iPhone
		{AD512B5F-536C-4FCD-A654-4FE451D96AC9}.Debug|iPhone.Build.0 = Debug|iPhone
		{AD512B5F-536C-4FCD-A654-4FE451D96AC9}.Debug|iPhone.Deploy.0 = Debug|iPhone
		{AD512B5F-536C-4FCD-A654-4FE451D96AC9}.Debug|iPhoneSimulator.ActiveCfg = Debug|iPhoneSimulator
		{AD512B5F-536C-4FCD-A654-4FE451D96AC9}.Debug|iPhoneSimulator.Build.0 = Debug|iPhoneSimulator
		{AD512B5F-536C-4FCD-A654-4FE451D96AC9}.Debug|iPhoneSimulator.Deploy.0 = Debug|iPhoneSimulator
		{AD512B5F-536C-4FCD-A654-4FE451D96AC9}.Debug|x64.ActiveCfg = Debug|iPhoneSimulator
		{AD512B5F-536C-4FCD-A654-4FE451D96AC9}.Debug|x64.Build.0 = Debug|iPhoneSimulator
		{AD512B5F-536C-4FCD-A654-4FE451D96AC9}.Debug|x64.Deploy.0 = Debug|iPhoneSimulator
		{AD512B5F-536C-4FCD-A654-4FE451D96AC9}.Debug|x86.ActiveCfg = Debug|iPhoneSimulator
		{AD512B5F-536C-4FCD-A654-4FE451D96AC9}.Debug|x86.Build.0 = Debug|iPhoneSimulator
		{AD512B5F-536C-4FCD-A654-4FE451D96AC9}.Debug|x86.Deploy.0 = Debug|iPhoneSimulator
		{AD512B5F-536C-4FCD-A654-4FE451D96AC9}.Release|Any CPU.ActiveCfg = Release|iPhoneSimulator
		{AD512B5F-536C-4FCD-A654-4FE451D96AC9}.Release|Any CPU.Build.0 = Release|iPhoneSimulator
		{AD512B5F-536C-4FCD-A654-4FE451D96AC9}.Release|Any CPU.Deploy.0 = Release|iPhoneSimulator
		{AD512B5F-536C-4FCD-A654-4FE451D96AC9}.Release|ARM.ActiveCfg = Release|iPhoneSimulator
		{AD512B5F-536C-4FCD-A654-4FE451D96AC9}.Release|ARM.Build.0 = Release|iPhoneSimulator
		{AD512B5F-536C-4FCD-A654-4FE451D96AC9}.Release|ARM.Deploy.0 = Release|iPhoneSimulator
		{AD512B5F-536C-4FCD-A654-4FE451D96AC9}.Release|iPhone.ActiveCfg = Release|iPhone
		{AD512B5F-536C-4FCD-A654-4FE451D96AC9}.Release|iPhone.Build.0 = Release|iPhone
		{AD512B5F-536C-4FCD-A654-4FE451D96AC9}.Release|iPhone.Deploy.0 = Release|iPhone
		{AD512B5F-536C-4FCD-A654-4FE451D96AC9}.Release|iPhoneSimulator.ActiveCfg = Release|iPhoneSimulator
		{AD512B5F-536C-4FCD-A654-4FE451D96AC9}.Release|iPhoneSimulator.Build.0 = Release|iPhoneSimulator
		{AD512B5F-536C-4FCD-A654-4FE451D96AC9}.Release|iPhoneSimulator.Deploy.0 = Release|iPhoneSimulator
		{AD512B5F-536C-4FCD-A654-4FE451D96AC9}.Release|x64.ActiveCfg = Release|iPhoneSimulator
		{AD512B5F-536C-4FCD-A654-4FE451D96AC9}.Release|x64.Build.0 = Release|iPhoneSimulator
		{AD512B5F-536C-4FCD-A654-4FE451D96AC9}.Release|x64.Deploy.0 = Release|iPhoneSimulator
		{AD512B5F-536C-4FCD-A654-4FE451D96AC9}.Release|x86.ActiveCfg = Release|iPhoneSimulator
		{AD512B5F-536C-4FCD-A654-4FE451D96AC9}.Release|x86.Build.0 = Release|iPhoneSimulator
		{AD512B5F-536C-4FCD-A654-4FE451D96AC9}.Release|x86.Deploy.0 = Release|iPhoneSimulator
		{495298DB-8152-42D2-BEC0-83E358EC2DD4}.Debug|Any CPU.ActiveCfg = Debug|Any CPU
		{495298DB-8152-42D2-BEC0-83E358EC2DD4}.Debug|Any CPU.Build.0 = Debug|Any CPU
		{495298DB-8152-42D2-BEC0-83E358EC2DD4}.Debug|Any CPU.Deploy.0 = Debug|Any CPU
		{495298DB-8152-42D2-BEC0-83E358EC2DD4}.Debug|ARM.ActiveCfg = Debug|Any CPU
		{495298DB-8152-42D2-BEC0-83E358EC2DD4}.Debug|ARM.Build.0 = Debug|Any CPU
		{495298DB-8152-42D2-BEC0-83E358EC2DD4}.Debug|ARM.Deploy.0 = Debug|Any CPU
		{495298DB-8152-42D2-BEC0-83E358EC2DD4}.Debug|iPhone.ActiveCfg = Debug|Any CPU
		{495298DB-8152-42D2-BEC0-83E358EC2DD4}.Debug|iPhone.Build.0 = Debug|Any CPU
		{495298DB-8152-42D2-BEC0-83E358EC2DD4}.Debug|iPhone.Deploy.0 = Debug|Any CPU
		{495298DB-8152-42D2-BEC0-83E358EC2DD4}.Debug|iPhoneSimulator.ActiveCfg = Debug|Any CPU
		{495298DB-8152-42D2-BEC0-83E358EC2DD4}.Debug|iPhoneSimulator.Build.0 = Debug|Any CPU
		{495298DB-8152-42D2-BEC0-83E358EC2DD4}.Debug|iPhoneSimulator.Deploy.0 = Debug|Any CPU
		{495298DB-8152-42D2-BEC0-83E358EC2DD4}.Debug|x64.ActiveCfg = Debug|Any CPU
		{495298DB-8152-42D2-BEC0-83E358EC2DD4}.Debug|x64.Build.0 = Debug|Any CPU
		{495298DB-8152-42D2-BEC0-83E358EC2DD4}.Debug|x64.Deploy.0 = Debug|Any CPU
		{495298DB-8152-42D2-BEC0-83E358EC2DD4}.Debug|x86.ActiveCfg = Debug|Any CPU
		{495298DB-8152-42D2-BEC0-83E358EC2DD4}.Debug|x86.Build.0 = Debug|Any CPU
		{495298DB-8152-42D2-BEC0-83E358EC2DD4}.Debug|x86.Deploy.0 = Debug|Any CPU
		{495298DB-8152-42D2-BEC0-83E358EC2DD4}.Release|Any CPU.ActiveCfg = Release|Any CPU
		{495298DB-8152-42D2-BEC0-83E358EC2DD4}.Release|Any CPU.Build.0 = Release|Any CPU
		{495298DB-8152-42D2-BEC0-83E358EC2DD4}.Release|Any CPU.Deploy.0 = Release|Any CPU
		{495298DB-8152-42D2-BEC0-83E358EC2DD4}.Release|ARM.ActiveCfg = Release|Any CPU
		{495298DB-8152-42D2-BEC0-83E358EC2DD4}.Release|ARM.Build.0 = Release|Any CPU
		{495298DB-8152-42D2-BEC0-83E358EC2DD4}.Release|ARM.Deploy.0 = Release|Any CPU
		{495298DB-8152-42D2-BEC0-83E358EC2DD4}.Release|iPhone.ActiveCfg = Release|Any CPU
		{495298DB-8152-42D2-BEC0-83E358EC2DD4}.Release|iPhone.Build.0 = Release|Any CPU
		{495298DB-8152-42D2-BEC0-83E358EC2DD4}.Release|iPhone.Deploy.0 = Release|Any CPU
		{495298DB-8152-42D2-BEC0-83E358EC2DD4}.Release|iPhoneSimulator.ActiveCfg = Release|Any CPU
		{495298DB-8152-42D2-BEC0-83E358EC2DD4}.Release|iPhoneSimulator.Build.0 = Release|Any CPU
		{495298DB-8152-42D2-BEC0-83E358EC2DD4}.Release|iPhoneSimulator.Deploy.0 = Release|Any CPU
		{495298DB-8152-42D2-BEC0-83E358EC2DD4}.Release|x64.ActiveCfg = Release|Any CPU
		{495298DB-8152-42D2-BEC0-83E358EC2DD4}.Release|x64.Build.0 = Release|Any CPU
		{495298DB-8152-42D2-BEC0-83E358EC2DD4}.Release|x64.Deploy.0 = Release|Any CPU
		{495298DB-8152-42D2-BEC0-83E358EC2DD4}.Release|x86.ActiveCfg = Release|Any CPU
		{495298DB-8152-42D2-BEC0-83E358EC2DD4}.Release|x86.Build.0 = Release|Any CPU
		{495298DB-8152-42D2-BEC0-83E358EC2DD4}.Release|x86.Deploy.0 = Release|Any CPU
	EndGlobalSection
	GlobalSection(SolutionProperties) = preSolution
		HideSolutionNode = FALSE
	EndGlobalSection
	GlobalSection(ExtensibilityGlobals) = postSolution
		SolutionGuid = {10B53F1D-12E6-4770-9362-52EFE033507A}
	EndGlobalSection
EndGlobal
